
Microsoft Visual Studio Solution File, Format Version 12.00
# Visual Studio Version 17
VisualStudioVersion = 17.2.32616.157
MinimumVisualStudioVersion = 10.0.40219.1
Project("{FAE04EC0-301F-11D3-BF4B-00C04F79EFBC}") = "MVCApp", "MVCApp\MVCApp.csproj", "{4BF17F6C-EE16-45DC-A464-FF850BE757CF}"
EndProject
Global
	GlobalSection(SolutionConfigurationPlatforms) = preSolution
		Debug|Any CPU = Debug|Any CPU
		Release|Any CPU = Release|Any CPU
	EndGlobalSection
	GlobalSection(ProjectConfigurationPlatforms) = postSolution
		{4BF17F6C-EE16-45DC-A464-FF850BE757CF}.Debug|Any CPU.ActiveCfg = Debug|Any CPU
		{4BF17F6C-EE16-45DC-A464-FF850BE757CF}.Debug|Any CPU.Build.0 = Debug|Any CPU
		{4BF17F6C-EE16-45DC-A464-FF850BE757CF}.Release|Any CPU.ActiveCfg = Release|Any CPU
		{4BF17F6C-EE16-45DC-A464-FF850BE757CF}.Release|Any CPU.Build.0 = Release|Any CPU
	EndGlobalSection
	GlobalSection(SolutionProperties) = preSolution
		HideSolutionNode = FALSE
	EndGlobalSection
	GlobalSection(ExtensibilityGlobals) = postSolution
		SolutionGuid = {C7829386-39E4-44EC-91BE-400FC634BD63}
	EndGlobalSection
EndGlobal
